# This file is autogenerated, do not edit; changes may be undone by the next 'dep ensure'.


[[projects]]
  digest = "1:d37b5cbae31a6d3685931cdb7d355e650a5dcb265dc340b57b6f17158234bd38"
  name = "github.com/aws/aws-lambda-go"
  packages = [
    "events",
    "lambda",
    "lambda/handlertrace",
    "lambda/messages",
    "lambdacontext",
  ]
  pruneopts = ""
  revision = "b5b7267d297de263cc5b61f8c37543daa9c95ffd"
  version = "v1.13.3"

[[projects]]
  digest = "1:7980af5e19c3739b07cc411ca5d59cb5851a359f6a070348aa23be387e3b8e7e"
  name = "github.com/aws/aws-sdk-go"
  packages = [
    "aws",
    "aws/awserr",
    "aws/awsutil",
    "aws/client",
    "aws/client/metadata",
    "aws/corehandlers",
    "aws/credentials",
    "aws/credentials/ec2rolecreds",
    "aws/credentials/endpointcreds",
    "aws/credentials/processcreds",
    "aws/credentials/stscreds",
    "aws/crr",
    "aws/csm",
    "aws/defaults",
    "aws/ec2metadata",
    "aws/endpoints",
    "aws/request",
    "aws/session",
    "aws/signer/v4",
    "internal/ini",
    "internal/sdkio",
    "internal/sdkmath",
    "internal/sdkrand",
    "internal/sdkuri",
    "internal/shareddefaults",
    "private/protocol",
    "private/protocol/json/jsonutil",
    "private/protocol/jsonrpc",
    "private/protocol/query",
    "private/protocol/query/queryutil",
    "private/protocol/rest",
    "private/protocol/xml/xmlutil",
    "service/dynamodb",
    "service/dynamodb/dynamodbattribute",
    "service/dynamodb/dynamodbiface",
    "service/ses",
    "service/sts",
    "service/sts/stsiface",
  ]
  pruneopts = ""
  revision = "a1e6946e8014a793d989e64ef5566315010ce898"
  version = "v1.27.0"

[[projects]]
  digest = "1:12bb9af90be146031ca05e9f3cc86a8bc6718d9ffcda4b9f7589c792eaed1b9e"
  name = "github.com/awslabs/aws-lambda-go-api-proxy"
  packages = [
    "core",
    "httpadapter",
  ]
  pruneopts = ""
  revision = "8214f34905cc0228a70c060f3af3365972a3ce0c"
  version = "v0.5.0"

[[projects]]
  digest = "1:13fe471d0ed891e8544eddfeeb0471fd3c9f2015609a1c000aefdedf52a19d40"
  name = "github.com/jmespath/go-jmespath"
  packages = ["."]
  pruneopts = ""
  revision = "c2b33e84"

[[projects]]
  digest = "1:d93779dc5d7750c2afd77c2e162c728dacfacce1c32af63fd03f23b7376ea30f"
  name = "github.com/mattn/go-runewidth"
  packages = ["."]
  pruneopts = ""
  revision = "18c3d09a134a52720932bbaa92c798a0ab111004"
  version = "v0.0.7"

[[projects]]
  digest = "1:be76fb5b006046835859bbfd38adfc01574c672685fd5d4c6f0bce073ac16bfb"
  name = "github.com/olekukonko/tablewriter"
  packages = ["."]
  pruneopts = ""
  revision = "876dd0e0227ec99c0243b639b92139915b65331a"
  version = "v0.0.4"

[[projects]]
  digest = "1:ef0f9731bc6c3c59396adc50f36da36ca98c704812c449794f9326f7bc64b5f1"
  name = "github.com/ribtoks/backoff"
  packages = ["."]
  pruneopts = ""
  revision = "8eab2debe79d12b7bd3d10653910df25fa9552ba"
  version = "1.0.0"

[[projects]]
  digest = "1:9f4b6e3942dda8d2136792d1b22b3c289be1109ae12da0c88a1befad438acdfb"
  name = "github.com/ribtoks/checkmail"
  packages = ["."]
  pruneopts = ""
  revision = "9661bd69e9ad6fce1f7579022bdab0440807722a"
  version = "v1.1"

[[projects]]
  digest = "1:5a53f6ef09fb1ac261a97f8a72e8837ff53cbaa969022a6679da210e4cbe9b0f"
  name = "gopkg.in/yaml.v2"
  packages = ["."]
  pruneopts = ""
  revision = "1f64d6156d11335c3f22d9330b0ad14fc1e789ce"
  version = "v2.2.7"

[solve-meta]
  analyzer-name = "dep"
  analyzer-version = 1
  input-imports = [
    "github.com/aws/aws-lambda-go/events",
    "github.com/aws/aws-lambda-go/lambda",
    "github.com/aws/aws-sdk-go/aws",
    "github.com/aws/aws-sdk-go/aws/awserr",
    "github.com/aws/aws-sdk-go/aws/session",
    "github.com/aws/aws-sdk-go/service/dynamodb",
    "github.com/aws/aws-sdk-go/service/dynamodb/dynamodbattribute",
    "github.com/aws/aws-sdk-go/service/dynamodb/dynamodbiface",
    "github.com/aws/aws-sdk-go/service/ses",
    "github.com/awslabs/aws-lambda-go-api-proxy/httpadapter",
    "github.com/olekukonko/tablewriter",
    "github.com/ribtoks/backoff",
    "github.com/ribtoks/checkmail",
    "gopkg.in/yaml.v2",
  ]
  solver-name = "gps-cdcl"
  solver-version = 1
